{
  "version": 4,
  "terraform_version": "1.13.5",
  "serial": 7,
  "lineage": "3c9ba53d-7863-6a40-dec0-ffe846addff6",
  "outputs": {
    "cluster_name": {
      "value": "demo-gke-cluster",
      "type": "string"
    },
    "cluster_region": {
      "value": "asia-northeast1",
      "type": "string"
    }
  },
  "resources": [
    {
      "mode": "managed",
      "type": "google_compute_network",
      "name": "vpc",
      "provider": "provider[\"registry.terraform.io/hashicorp/google\"]",
      "instances": [
        {
          "schema_version": 0,
          "attributes": {
            "auto_create_subnetworks": false,
            "delete_default_routes_on_create": false,
            "description": "",
            "enable_ula_internal_ipv6": false,
            "gateway_ipv4": "",
            "id": "projects/gke-lab-project-478608/global/networks/demo-gke-vpc",
            "internal_ipv6_range": "",
            "mtu": 0,
            "name": "demo-gke-vpc",
            "network_firewall_policy_enforcement_order": "AFTER_CLASSIC_FIREWALL",
            "numeric_id": "517113137807354975",
            "project": "gke-lab-project-478608",
            "routing_mode": "REGIONAL",
            "self_link": "https://www.googleapis.com/compute/v1/projects/gke-lab-project-478608/global/networks/demo-gke-vpc",
            "timeouts": null
          },
          "sensitive_attributes": [],
          "identity_schema_version": 0,
          "private": "eyJlMmJmYjczMC1lY2FhLTExZTYtOGY4OC0zNDM2M2JjN2M0YzAiOnsiY3JlYXRlIjoxMjAwMDAwMDAwMDAwLCJkZWxldGUiOjEyMDAwMDAwMDAwMDAsInVwZGF0ZSI6MTIwMDAwMDAwMDAwMH19"
        }
      ]
    },
    {
      "mode": "managed",
      "type": "google_compute_subnetwork",
      "name": "subnet",
      "provider": "provider[\"registry.terraform.io/hashicorp/google\"]",
      "instances": [
        {
          "schema_version": 0,
          "attributes": {
            "creation_timestamp": "2025-11-18T03:04:42.862-08:00",
            "description": "",
            "external_ipv6_prefix": "",
            "fingerprint": null,
            "gateway_address": "10.10.0.1",
            "id": "projects/gke-lab-project-478608/regions/asia-northeast1/subnetworks/demo-gke-subnet",
            "internal_ipv6_prefix": "",
            "ip_cidr_range": "10.10.0.0/16",
            "ipv6_access_type": "",
            "ipv6_cidr_range": "",
            "log_config": [],
            "name": "demo-gke-subnet",
            "network": "https://www.googleapis.com/compute/v1/projects/gke-lab-project-478608/global/networks/demo-gke-vpc",
            "private_ip_google_access": false,
            "private_ipv6_google_access": "DISABLE_GOOGLE_ACCESS",
            "project": "gke-lab-project-478608",
            "purpose": "PRIVATE",
            "region": "asia-northeast1",
            "role": "",
            "secondary_ip_range": [],
            "self_link": "https://www.googleapis.com/compute/v1/projects/gke-lab-project-478608/regions/asia-northeast1/subnetworks/demo-gke-subnet",
            "send_secondary_ip_range_if_empty": null,
            "stack_type": "IPV4_ONLY",
            "timeouts": null
          },
          "sensitive_attributes": [],
          "identity_schema_version": 0,
          "private": "eyJlMmJmYjczMC1lY2FhLTExZTYtOGY4OC0zNDM2M2JjN2M0YzAiOnsiY3JlYXRlIjoxMjAwMDAwMDAwMDAwLCJkZWxldGUiOjEyMDAwMDAwMDAwMDAsInVwZGF0ZSI6MTIwMDAwMDAwMDAwMH19",
          "dependencies": [
            "google_compute_network.vpc"
          ]
        }
      ]
    },
    {
      "mode": "managed",
      "type": "google_container_cluster",
      "name": "primary",
      "provider": "provider[\"registry.terraform.io/hashicorp/google\"]",
      "instances": [
        {
          "schema_version": 2,
          "attributes": {
            "addons_config": [
              {
                "cloudrun_config": [],
                "config_connector_config": [],
                "dns_cache_config": [],
                "gce_persistent_disk_csi_driver_config": [
                  {
                    "enabled": true
                  }
                ],
                "gcp_filestore_csi_driver_config": [],
                "gcs_fuse_csi_driver_config": [],
                "gke_backup_agent_config": [],
                "horizontal_pod_autoscaling": [],
                "http_load_balancing": [],
                "network_policy_config": [
                  {
                    "disabled": true
                  }
                ],
                "ray_operator_config": [],
                "stateful_ha_config": []
              }
            ],
            "allow_net_admin": null,
            "authenticator_groups_config": [],
            "binary_authorization": [
              {
                "enabled": false,
                "evaluation_mode": ""
              }
            ],
            "cluster_autoscaling": [
              {
                "auto_provisioning_defaults": [],
                "auto_provisioning_locations": [],
                "autoscaling_profile": "BALANCED",
                "enabled": false,
                "resource_limits": []
              }
            ],
            "cluster_ipv4_cidr": "10.92.0.0/14",
            "confidential_nodes": [],
            "cost_management_config": [],
            "database_encryption": [
              {
                "key_name": "",
                "state": "DECRYPTED"
              }
            ],
            "datapath_provider": "",
            "default_max_pods_per_node": 110,
            "default_snat_status": [
              {
                "disabled": false
              }
            ],
            "deletion_protection": true,
            "description": "",
            "dns_config": [],
            "enable_autopilot": false,
            "enable_cilium_clusterwide_network_policy": false,
            "enable_intranode_visibility": false,
            "enable_k8s_beta_apis": [],
            "enable_kubernetes_alpha": false,
            "enable_l4_ilb_subsetting": false,
            "enable_legacy_abac": false,
            "enable_multi_networking": false,
            "enable_shielded_nodes": true,
            "enable_tpu": false,
            "endpoint": "34.146.129.219",
            "fleet": [],
            "gateway_api_config": [],
            "id": "projects/gke-lab-project-478608/locations/asia-northeast1/clusters/demo-gke-cluster",
            "identity_service_config": [],
            "initial_node_count": 1,
            "ip_allocation_policy": [
              {
                "additional_pod_ranges_config": [],
                "cluster_ipv4_cidr_block": "10.92.0.0/14",
                "cluster_secondary_range_name": "gke-demo-gke-cluster-pods-8db833e0",
                "pod_cidr_overprovision_config": [
                  {
                    "disabled": false
                  }
                ],
                "services_ipv4_cidr_block": "34.118.224.0/20",
                "services_secondary_range_name": "",
                "stack_type": "IPV4"
              }
            ],
            "label_fingerprint": "a9dc16a7",
            "location": "asia-northeast1",
            "logging_config": [
              {
                "enable_components": [
                  "SYSTEM_COMPONENTS",
                  "WORKLOADS"
                ]
              }
            ],
            "logging_service": "logging.googleapis.com/kubernetes",
            "maintenance_policy": [],
            "master_auth": [
              {
                "client_certificate": "",
                "client_certificate_config": [
                  {
                    "issue_client_certificate": false
                  }
                ],
                "client_key": "",
                "cluster_ca_certificate": "LS0tLS1CRUdJTiBDRVJUSUZJQ0FURS0tLS0tCk1JSUVMVENDQXBXZ0F3SUJBZ0lSQUlqcmRkbmlSU1FpcHROVUhnWUs2c3d3RFFZSktvWklodmNOQVFFTEJRQXcKTHpFdE1Dc0dBMVVFQXhNa01qZGtNek13TlRJdE5qTmlNaTAwWTJOaUxXSXlZek10T0RZeE5qa3pZMlk0TXpaawpNQ0FYRFRJMU1URXhPREV3TVRReE5Wb1lEekl3TlRVeE1URXhNVEV4TkRFMVdqQXZNUzB3S3dZRFZRUURFeVF5Ck4yUXpNekExTWkwMk0ySXlMVFJqWTJJdFlqSmpNeTA0TmpFMk9UTmpaamd6Tm1Rd2dnR2lNQTBHQ1NxR1NJYjMKRFFFQkFRVUFBNElCandBd2dnR0tBb0lCZ1FEakVoR0FJZUZLZy9NZHlOcFBUNXVyQ1NVa2E1czZpQ0xsOUZkUwo2aFhINW9wTFI4Uk9DaUJ2eER4dG1rakF6dHNkVUt4K2RuN1RBWm5qWjNQY0J4QWtlS3RnR0VSNXhOWlZuSmxYCnljTTV3UkxTWCtyaVRJOUFxQi9oWVREeFpYUjFwMURwRkZEQlhZNGkxUEg3cG0zRU1xMDMzS05kdDJScmNhZkgKaUJhTFNONlBLdTRkZ2VuVmlJS01sQUNBNnZ5Qzh3cWxsbVVQTlpGVHU4eU02bmtqeDJ0dk5NL0I1dmEvL3o1VQoyVXlvRklsTlgyK2dlcjFwNlIwR2lHdFJDUitJRnhOUnlFS2U2bzNCTlc0dERCMjhHa3lvcWwzUGs1VFZHakZyClhCdFluRHhOcG15MGRFZXpiKzRhL2FJODJNVjBGeURWR1pCRURjalo0SUtXRkNSSkhKS09ScEp4RHJsZ2xkNjEKeCtqWGtveWt5dnBnYlFYblJxYVpnaWVYd0VmQmJxVTZWZEtOb2VDSDRyODB0aTM3endlNjdlS01SKzA0d0dDKwp1RkhlU1gxdENkVFFvNTVCRk9VSjc0WHBqdEMvSTBiN21EZWZ3QmNjdm95RHBaMnRjWDRmQWFJS3BGMWZ2ZFpECnM1Y1RjMlgyaHRKQ2VjVGUvWS9pRWVsdWIwc0NBd0VBQWFOQ01FQXdEZ1lEVlIwUEFRSC9CQVFEQWdJRU1BOEcKQTFVZEV3RUIvd1FGTUFNQkFmOHdIUVlEVlIwT0JCWUVGT3FnNXo2d1h1TlpKMTlGRmcxbTdaYVBFSkJQTUEwRwpDU3FHU0liM0RRRUJDd1VBQTRJQmdRQS9Ed1Q5eDBKc3ArTW5OQ1BDUXUzTW9wNG81aTFVaUtidFI1ZmVHRUU1CnBvQWh6YzhrMTFrQ0ZBamdxRFViQjU3RG85WmNtRHFJRTY4ejNkSXFIWElTeDkvMVlINTBCN1dKdzVMcXdVMVUKNEFIdC9VK0ZkVUt2dU1XR0ZSRzJWbitmbm1KL05uS3F4K0dhUlBwekJ2bXl3SlBzczVyTjZoamhMNlZmL29oNgpTTzhQVUZaNU15dFRLV081bkk5RlpjSzJ6K2NZcDcwU2d2dDc2OW5DMVJ5T08xOW93d0Y1MStlRG53Tk1iaDZTCk9JbkpMZFA4ZWtPdUZxVFdPQlNxeW40dWVLM09FK3hNa3pGdnIzVHJKUEFvcGt6Qmo3YW5ObDVkSllnT21ueXAKcks0R1dUWDZqbnhTVkVJbkY2SVhSSFVOT05weVhBODB1WDFnaXBTcnQxTmt6c2Z5ZmNlUk9id3RaNWp1aTI1LwpZd1pYaDQ0Q3F1U2pvTVowVW5TRXFjb1dES3ltNkE4MUNHalphb3FoSi83YlJYUlZ3bklidTY0UnpxMTJaSVorCmJLRVZjVjhXRFkyUm9EZnZuV2hZZjhWUklTc3BVbEprVEE5aytCRHNxWDZYT1gvYUZGdmRBRjUyTDlBY1J2Wk8KZFpWRXpRbEsxaEJNZ2xhWHpHWGNUYlU9Ci0tLS0tRU5EIENFUlRJRklDQVRFLS0tLS0K"
              }
            ],
            "master_authorized_networks_config": [],
            "master_version": "1.33.5-gke.1201000",
            "mesh_certificates": [],
            "min_master_version": null,
            "monitoring_config": [
              {
                "advanced_datapath_observability_config": [
                  {
                    "enable_metrics": false,
                    "enable_relay": false,
                    "relay_mode": "DISABLED"
                  }
                ],
                "enable_components": [
                  "SYSTEM_COMPONENTS",
                  "POD",
                  "DAEMONSET",
                  "DEPLOYMENT",
                  "STATEFULSET",
                  "JOBSET",
                  "STORAGE",
                  "HPA",
                  "CADVISOR",
                  "KUBELET",
                  "DCGM"
                ],
                "managed_prometheus": [
                  {
                    "enabled": true
                  }
                ]
              }
            ],
            "monitoring_service": "monitoring.googleapis.com/kubernetes",
            "name": "demo-gke-cluster",
            "network": "projects/gke-lab-project-478608/global/networks/demo-gke-vpc",
            "network_policy": [
              {
                "enabled": false,
                "provider": "PROVIDER_UNSPECIFIED"
              }
            ],
            "networking_mode": "VPC_NATIVE",
            "node_config": [],
            "node_locations": [
              "asia-northeast1-a",
              "asia-northeast1-b",
              "asia-northeast1-c"
            ],
            "node_pool": [],
            "node_pool_auto_config": [
              {
                "network_tags": [],
                "node_kubelet_config": [
                  {
                    "insecure_kubelet_readonly_port_enabled": "FALSE"
                  }
                ],
                "resource_manager_tags": {}
              }
            ],
            "node_pool_defaults": [
              {
                "node_config_defaults": [
                  {
                    "containerd_config": [],
                    "insecure_kubelet_readonly_port_enabled": "FALSE",
                    "logging_variant": "DEFAULT"
                  }
                ]
              }
            ],
            "node_version": "1.33.5-gke.1201000",
            "notification_config": [
              {
                "pubsub": [
                  {
                    "enabled": false,
                    "filter": [],
                    "topic": ""
                  }
                ]
              }
            ],
            "operation": null,
            "private_cluster_config": [
              {
                "enable_private_endpoint": false,
                "enable_private_nodes": false,
                "master_global_access_config": [
                  {
                    "enabled": false
                  }
                ],
                "master_ipv4_cidr_block": "",
                "peering_name": "",
                "private_endpoint": "10.10.0.2",
                "private_endpoint_subnetwork": "",
                "public_endpoint": "34.146.129.219"
              }
            ],
            "private_ipv6_google_access": "",
            "project": "gke-lab-project-478608",
            "release_channel": [
              {
                "channel": "REGULAR"
              }
            ],
            "remove_default_node_pool": true,
            "resource_labels": null,
            "resource_usage_export_config": [],
            "security_posture_config": [
              {
                "mode": "BASIC",
                "vulnerability_mode": "VULNERABILITY_MODE_UNSPECIFIED"
              }
            ],
            "self_link": "https://container.googleapis.com/v1/projects/gke-lab-project-478608/locations/asia-northeast1/clusters/demo-gke-cluster",
            "service_external_ips_config": [
              {
                "enabled": false
              }
            ],
            "services_ipv4_cidr": "34.118.224.0/20",
            "subnetwork": "projects/gke-lab-project-478608/regions/asia-northeast1/subnetworks/demo-gke-subnet",
            "timeouts": null,
            "tpu_ipv4_cidr_block": "",
            "vertical_pod_autoscaling": [],
            "workload_identity_config": []
          },
          "sensitive_attributes": [
            [
              {
                "type": "get_attr",
                "value": "master_auth"
              },
              {
                "type": "index",
                "value": {
                  "value": 0,
                  "type": "number"
                }
              },
              {
                "type": "get_attr",
                "value": "client_key"
              }
            ]
          ],
          "identity_schema_version": 0,
          "private": "eyJlMmJmYjczMC1lY2FhLTExZTYtOGY4OC0zNDM2M2JjN2M0YzAiOnsiY3JlYXRlIjoyNDAwMDAwMDAwMDAwLCJkZWxldGUiOjI0MDAwMDAwMDAwMDAsInJlYWQiOjI0MDAwMDAwMDAwMDAsInVwZGF0ZSI6MzYwMDAwMDAwMDAwMH0sInNjaGVtYV92ZXJzaW9uIjoiMiJ9",
          "dependencies": [
            "google_compute_network.vpc",
            "google_compute_subnetwork.subnet"
          ]
        }
      ]
    },
    {
      "mode": "managed",
      "type": "google_container_node_pool",
      "name": "primary_nodes",
      "provider": "provider[\"registry.terraform.io/hashicorp/google\"]",
      "instances": [
        {
          "status": "tainted",
          "schema_version": 1,
          "attributes": {
            "autoscaling": [],
            "cluster": "demo-gke-cluster",
            "id": "projects/gke-lab-project-478608/locations/asia-northeast1/clusters/demo-gke-cluster/nodePools/demo-gke-cluster-np",
            "initial_node_count": null,
            "instance_group_urls": null,
            "location": "asia-northeast1",
            "managed_instance_group_urls": null,
            "management": null,
            "max_pods_per_node": null,
            "name": "demo-gke-cluster-np",
            "name_prefix": null,
            "network_config": null,
            "node_config": [
              {
                "advanced_machine_features": [],
                "boot_disk_kms_key": "",
                "confidential_nodes": [],
                "containerd_config": [],
                "disk_size_gb": 0,
                "disk_type": "",
                "effective_taints": [],
                "enable_confidential_storage": false,
                "ephemeral_storage_local_ssd_config": [],
                "fast_socket": [],
                "gcfs_config": [],
                "guest_accelerator": [],
                "gvnic": [],
                "host_maintenance_policy": [],
                "image_type": "",
                "kubelet_config": [],
                "labels": {},
                "linux_node_config": [],
                "local_nvme_ssd_block_config": [],
                "local_ssd_count": 0,
                "logging_variant": "",
                "machine_type": "e2-standard-4",
                "metadata": {},
                "min_cpu_platform": "",
                "node_group": "",
                "oauth_scopes": [
                  "https://www.googleapis.com/auth/cloud-platform"
                ],
                "preemptible": false,
                "reservation_affinity": [],
                "resource_labels": null,
                "resource_manager_tags": null,
                "secondary_boot_disks": [],
                "service_account": "",
                "shielded_instance_config": [],
                "sole_tenant_config": [],
                "spot": false,
                "tags": null,
                "taint": [],
                "workload_metadata_config": []
              }
            ],
            "node_count": 2,
            "node_locations": [],
            "operation": null,
            "placement_policy": [],
            "project": "gke-lab-project-478608",
            "queued_provisioning": [],
            "timeouts": null,
            "upgrade_settings": null,
            "version": null
          },
          "sensitive_attributes": [],
          "identity_schema_version": 0,
          "private": "eyJlMmJmYjczMC1lY2FhLTExZTYtOGY4OC0zNDM2M2JjN2M0YzAiOnsiY3JlYXRlIjoxODAwMDAwMDAwMDAwLCJkZWxldGUiOjE4MDAwMDAwMDAwMDAsInVwZGF0ZSI6MTgwMDAwMDAwMDAwMH0sInNjaGVtYV92ZXJzaW9uIjoiMSJ9",
          "dependencies": [
            "google_compute_network.vpc",
            "google_compute_subnetwork.subnet",
            "google_container_cluster.primary"
          ]
        }
      ]
    }
  ],
  "check_results": null
}
